
Microsoft Visual Studio Solution File, Format Version 12.00
# Visual Studio Version 17
VisualStudioVersion = 17.2.32630.192
MinimumVisualStudioVersion = 10.0.40219.1
Project("{9A19103F-16F7-4668-BE54-9A1E7A4F7556}") = "R5T.F0078.Construction", "R5T.F0078.Construction\R5T.F0078.Construction.csproj", "{F03FB4E8-F027-4E25-B355-A58B00A8F3B8}"
EndProject
Project("{9A19103F-16F7-4668-BE54-9A1E7A4F7556}") = "R5T.F0078", "R5T.F0078\R5T.F0078.csproj", "{2CBFF0C2-8383-4469-B85C-B9D23D61C059}"
EndProject
Global
	GlobalSection(SolutionConfigurationPlatforms) = preSolution
		Debug|Any CPU = Debug|Any CPU
		Release|Any CPU = Release|Any CPU
	EndGlobalSection
	GlobalSection(ProjectConfigurationPlatforms) = postSolution
		{F03FB4E8-F027-4E25-B355-A58B00A8F3B8}.Debug|Any CPU.ActiveCfg = Debug|Any CPU
		{F03FB4E8-F027-4E25-B355-A58B00A8F3B8}.Debug|Any CPU.Build.0 = Debug|Any CPU
		{F03FB4E8-F027-4E25-B355-A58B00A8F3B8}.Release|Any CPU.ActiveCfg = Release|Any CPU
		{F03FB4E8-F027-4E25-B355-A58B00A8F3B8}.Release|Any CPU.Build.0 = Release|Any CPU
		{2CBFF0C2-8383-4469-B85C-B9D23D61C059}.Debug|Any CPU.ActiveCfg = Debug|Any CPU
		{2CBFF0C2-8383-4469-B85C-B9D23D61C059}.Debug|Any CPU.Build.0 = Debug|Any CPU
		{2CBFF0C2-8383-4469-B85C-B9D23D61C059}.Release|Any CPU.ActiveCfg = Release|Any CPU
		{2CBFF0C2-8383-4469-B85C-B9D23D61C059}.Release|Any CPU.Build.0 = Release|Any CPU
	EndGlobalSection
	GlobalSection(SolutionProperties) = preSolution
		HideSolutionNode = FALSE
	EndGlobalSection
	GlobalSection(ExtensibilityGlobals) = postSolution
		SolutionGuid = {D5247DC2-4DB9-41CE-BC38-50DDBC4BB88C}
	EndGlobalSection
EndGlobal
