
Microsoft Visual Studio Solution File, Format Version 12.00
# Visual Studio Version 17
VisualStudioVersion = 17.2.32630.192
MinimumVisualStudioVersion = 10.0.40219.1
Project("{9A19103F-16F7-4668-BE54-9A1E7A4F7556}") = "R5T.F0078.Construction", "R5T.F0078.Construction\R5T.F0078.Construction.csproj", "{F03FB4E8-F027-4E25-B355-A58B00A8F3B8}"
EndProject
Project("{9A19103F-16F7-4668-BE54-9A1E7A4F7556}") = "R5T.F0078", "R5T.F0078\R5T.F0078.csproj", "{2CBFF0C2-8383-4469-B85C-B9D23D61C059}"
EndProject
Project("{2150E333-8FDC-42A3-9474-1A3956D46DE8}") = "_Dependencies", "_Dependencies", "{EDBD7120-4EC7-45B7-9E2C-88E62A9C5BE1}"
EndProject
Project("{9A19103F-16F7-4668-BE54-9A1E7A4F7556}") = "R5T.NG0014", "..\..\R5T.NG0014\source\R5T.NG0014\R5T.NG0014.csproj", "{66A237BF-BA47-4CB0-AE16-89B4906EC79E}"
EndProject
Project("{9A19103F-16F7-4668-BE54-9A1E7A4F7556}") = "R5T.T0132", "..\..\R5T.T0132\source\R5T.T0132\R5T.T0132.csproj", "{FE4B8CB0-F060-4129-BB57-3DEC77C0E916}"
EndProject
Project("{9A19103F-16F7-4668-BE54-9A1E7A4F7556}") = "R5T.T0143", "..\..\R5T.T0143\source\R5T.T0143\R5T.T0143.csproj", "{430C06D4-0E96-4209-9B2A-B6F64756CDEC}"
EndProject
Global
	GlobalSection(NestedProjects) = preSolution
		{66A237BF-BA47-4CB0-AE16-89B4906EC79E} = {EDBD7120-4EC7-45B7-9E2C-88E62A9C5BE1}
		{FE4B8CB0-F060-4129-BB57-3DEC77C0E916} = {EDBD7120-4EC7-45B7-9E2C-88E62A9C5BE1}
		{430C06D4-0E96-4209-9B2A-B6F64756CDEC} = {EDBD7120-4EC7-45B7-9E2C-88E62A9C5BE1}
	EndGlobalSection
	GlobalSection(SolutionConfigurationPlatforms) = preSolution
		Debug|Any CPU = Debug|Any CPU
		Release|Any CPU = Release|Any CPU
	EndGlobalSection
	GlobalSection(ProjectConfigurationPlatforms) = postSolution
		{F03FB4E8-F027-4E25-B355-A58B00A8F3B8}.Debug|Any CPU.ActiveCfg = Debug|Any CPU
		{F03FB4E8-F027-4E25-B355-A58B00A8F3B8}.Debug|Any CPU.Build.0 = Debug|Any CPU
		{F03FB4E8-F027-4E25-B355-A58B00A8F3B8}.Release|Any CPU.ActiveCfg = Release|Any CPU
		{F03FB4E8-F027-4E25-B355-A58B00A8F3B8}.Release|Any CPU.Build.0 = Release|Any CPU
		{2CBFF0C2-8383-4469-B85C-B9D23D61C059}.Debug|Any CPU.ActiveCfg = Debug|Any CPU
		{2CBFF0C2-8383-4469-B85C-B9D23D61C059}.Debug|Any CPU.Build.0 = Debug|Any CPU
		{2CBFF0C2-8383-4469-B85C-B9D23D61C059}.Release|Any CPU.ActiveCfg = Release|Any CPU
		{2CBFF0C2-8383-4469-B85C-B9D23D61C059}.Release|Any CPU.Build.0 = Release|Any CPU
		{66A237BF-BA47-4CB0-AE16-89B4906EC79E}.Debug|Any CPU.ActiveCfg = Debug|Any CPU
		{66A237BF-BA47-4CB0-AE16-89B4906EC79E}.Debug|Any CPU.Build.0 = Debug|Any CPU
		{66A237BF-BA47-4CB0-AE16-89B4906EC79E}.Release|Any CPU.ActiveCfg = Release|Any CPU
		{66A237BF-BA47-4CB0-AE16-89B4906EC79E}.Release|Any CPU.Build.0 = Release|Any CPU
		{FE4B8CB0-F060-4129-BB57-3DEC77C0E916}.Debug|Any CPU.ActiveCfg = Debug|Any CPU
		{FE4B8CB0-F060-4129-BB57-3DEC77C0E916}.Debug|Any CPU.Build.0 = Debug|Any CPU
		{FE4B8CB0-F060-4129-BB57-3DEC77C0E916}.Release|Any CPU.ActiveCfg = Release|Any CPU
		{FE4B8CB0-F060-4129-BB57-3DEC77C0E916}.Release|Any CPU.Build.0 = Release|Any CPU
		{430C06D4-0E96-4209-9B2A-B6F64756CDEC}.Debug|Any CPU.ActiveCfg = Debug|Any CPU
		{430C06D4-0E96-4209-9B2A-B6F64756CDEC}.Debug|Any CPU.Build.0 = Debug|Any CPU
		{430C06D4-0E96-4209-9B2A-B6F64756CDEC}.Release|Any CPU.ActiveCfg = Release|Any CPU
		{430C06D4-0E96-4209-9B2A-B6F64756CDEC}.Release|Any CPU.Build.0 = Release|Any CPU
	EndGlobalSection
	GlobalSection(SolutionProperties) = preSolution
		HideSolutionNode = FALSE
	EndGlobalSection
	GlobalSection(ExtensibilityGlobals) = postSolution
		SolutionGuid = {D5247DC2-4DB9-41CE-BC38-50DDBC4BB88C}
	EndGlobalSection
EndGlobal
